
Microsoft Visual Studio Solution File, Format Version 12.00
# Visual Studio Version 17
VisualStudioVersion = 17.1.32328.378
MinimumVisualStudioVersion = 10.0.40219.1
Project("{FAE04EC0-301F-11D3-BF4B-00C04F79EFBC}") = "LimInterConstruct", "LimInterConstruct\LimInterConstruct.csproj", "{D26FFE25-687F-45FA-8855-556B697F528D}"
EndProject
Global
	GlobalSection(SolutionConfigurationPlatforms) = preSolution
		Debug|Any CPU = Debug|Any CPU
		Release|Any CPU = Release|Any CPU
	EndGlobalSection
	GlobalSection(ProjectConfigurationPlatforms) = postSolution
		{D26FFE25-687F-45FA-8855-556B697F528D}.Debug|Any CPU.ActiveCfg = Debug|Any CPU
		{D26FFE25-687F-45FA-8855-556B697F528D}.Debug|Any CPU.Build.0 = Debug|Any CPU
		{D26FFE25-687F-45FA-8855-556B697F528D}.Release|Any CPU.ActiveCfg = Release|Any CPU
		{D26FFE25-687F-45FA-8855-556B697F528D}.Release|Any CPU.Build.0 = Release|Any CPU
	EndGlobalSection
	GlobalSection(SolutionProperties) = preSolution
		HideSolutionNode = FALSE
	EndGlobalSection
	GlobalSection(ExtensibilityGlobals) = postSolution
		SolutionGuid = {473BCA45-DA56-4315-A5F0-0EC17ACC9509}
	EndGlobalSection
EndGlobal
